
Microsoft Visual Studio Solution File, Format Version 12.00
# Visual Studio Version 16
VisualStudioVersion = 16.0.31702.278
MinimumVisualStudioVersion = 10.0.40219.1
Project("{FAE04EC0-301F-11D3-BF4B-00C04F79EFBC}") = "JsonfileReaderExample", "JsonfileReaderExample\JsonfileReaderExample.csproj", "{7414A545-CD70-4A9A-9797-D2247BF8CCCA}"
EndProject
Global
	GlobalSection(SolutionConfigurationPlatforms) = preSolution
		Debug|Any CPU = Debug|Any CPU
		Release|Any CPU = Release|Any CPU
	EndGlobalSection
	GlobalSection(ProjectConfigurationPlatforms) = postSolution
		{7414A545-CD70-4A9A-9797-D2247BF8CCCA}.Debug|Any CPU.ActiveCfg = Debug|Any CPU
		{7414A545-CD70-4A9A-9797-D2247BF8CCCA}.Debug|Any CPU.Build.0 = Debug|Any CPU
		{7414A545-CD70-4A9A-9797-D2247BF8CCCA}.Release|Any CPU.ActiveCfg = Release|Any CPU
		{7414A545-CD70-4A9A-9797-D2247BF8CCCA}.Release|Any CPU.Build.0 = Release|Any CPU
	EndGlobalSection
	GlobalSection(SolutionProperties) = preSolution
		HideSolutionNode = FALSE
	EndGlobalSection
	GlobalSection(ExtensibilityGlobals) = postSolution
		SolutionGuid = {79153096-E442-4BA5-8D91-39567801A757}
	EndGlobalSection
EndGlobal
